
Microsoft Visual Studio Solution File, Format Version 12.00
# Visual Studio Version 17
VisualStudioVersion = 17.0.31903.59
MinimumVisualStudioVersion = 10.0.40219.1
Project("{FAE04EC0-301F-11D3-BF4B-00C04F79EFBC}") = "Singleton", "Singleton\Singleton.csproj", "{6A2123C7-25D0-465E-AFF1-97DC92639554}"
EndProject
Project("{FAE04EC0-301F-11D3-BF4B-00C04F79EFBC}") = "Singleton.Concurrency.Tests", "Singleton.Concurrency.Tests\Singleton.Concurrency.Tests.csproj", "{5A3FD001-EE0B-4199-8983-D2AB7AD3F9DC}"
EndProject
Project("{FAE04EC0-301F-11D3-BF4B-00C04F79EFBC}") = "Singleton.Concurrency.Benchmarks", "Singleton.Concurrency.Benchmarks\Singleton.Concurrency.Benchmarks.csproj", "{18D78560-CE15-43B5-A232-C972981EB46E}"
EndProject
Project("{FAE04EC0-301F-11D3-BF4B-00C04F79EFBC}") = "Singleton.Serialization.Tests", "Singleton.Serialization.Tests\Singleton.Serialization.Tests.csproj", "{45B6520A-DAF8-4A2F-9DD5-8141D3700541}"
EndProject
Project("{FAE04EC0-301F-11D3-BF4B-00C04F79EFBC}") = "Singleton.PerThread.Tests", "Singleton.PerThread.Tests\Singleton.PerThread.Tests.csproj", "{47B54371-F9A2-485C-8647-23E56D6CCF92}"
EndProject
Global
	GlobalSection(SolutionConfigurationPlatforms) = preSolution
		Debug|Any CPU = Debug|Any CPU
		Release|Any CPU = Release|Any CPU
	EndGlobalSection
	GlobalSection(SolutionProperties) = preSolution
		HideSolutionNode = FALSE
	EndGlobalSection
	GlobalSection(ProjectConfigurationPlatforms) = postSolution
		{6A2123C7-25D0-465E-AFF1-97DC92639554}.Debug|Any CPU.ActiveCfg = Debug|Any CPU
		{6A2123C7-25D0-465E-AFF1-97DC92639554}.Debug|Any CPU.Build.0 = Debug|Any CPU
		{6A2123C7-25D0-465E-AFF1-97DC92639554}.Release|Any CPU.ActiveCfg = Release|Any CPU
		{6A2123C7-25D0-465E-AFF1-97DC92639554}.Release|Any CPU.Build.0 = Release|Any CPU
		{5A3FD001-EE0B-4199-8983-D2AB7AD3F9DC}.Debug|Any CPU.ActiveCfg = Debug|Any CPU
		{5A3FD001-EE0B-4199-8983-D2AB7AD3F9DC}.Debug|Any CPU.Build.0 = Debug|Any CPU
		{5A3FD001-EE0B-4199-8983-D2AB7AD3F9DC}.Release|Any CPU.ActiveCfg = Release|Any CPU
		{5A3FD001-EE0B-4199-8983-D2AB7AD3F9DC}.Release|Any CPU.Build.0 = Release|Any CPU
		{18D78560-CE15-43B5-A232-C972981EB46E}.Debug|Any CPU.ActiveCfg = Debug|Any CPU
		{18D78560-CE15-43B5-A232-C972981EB46E}.Debug|Any CPU.Build.0 = Debug|Any CPU
		{18D78560-CE15-43B5-A232-C972981EB46E}.Release|Any CPU.ActiveCfg = Release|Any CPU
		{18D78560-CE15-43B5-A232-C972981EB46E}.Release|Any CPU.Build.0 = Release|Any CPU
		{45B6520A-DAF8-4A2F-9DD5-8141D3700541}.Debug|Any CPU.ActiveCfg = Debug|Any CPU
		{45B6520A-DAF8-4A2F-9DD5-8141D3700541}.Debug|Any CPU.Build.0 = Debug|Any CPU
		{45B6520A-DAF8-4A2F-9DD5-8141D3700541}.Release|Any CPU.ActiveCfg = Release|Any CPU
		{45B6520A-DAF8-4A2F-9DD5-8141D3700541}.Release|Any CPU.Build.0 = Release|Any CPU
		{47B54371-F9A2-485C-8647-23E56D6CCF92}.Debug|Any CPU.ActiveCfg = Debug|Any CPU
		{47B54371-F9A2-485C-8647-23E56D6CCF92}.Debug|Any CPU.Build.0 = Debug|Any CPU
		{47B54371-F9A2-485C-8647-23E56D6CCF92}.Release|Any CPU.ActiveCfg = Release|Any CPU
		{47B54371-F9A2-485C-8647-23E56D6CCF92}.Release|Any CPU.Build.0 = Release|Any CPU
	EndGlobalSection
EndGlobal
